
Microsoft Visual Studio Solution File, Format Version 12.00
# Visual Studio 15
VisualStudioVersion = 15.0.27004.2006
MinimumVisualStudioVersion = 10.0.40219.1
Project("{9A19103F-16F7-4668-BE54-9A1E7A4F7556}") = "Ddd", "Ddd\Ddd.csproj", "{BDDE627C-BC8B-4829-8598-395D25CA4417}"
EndProject
Project("{9A19103F-16F7-4668-BE54-9A1E7A4F7556}") = "Scratch.Pad", "Scratch.Pad\Scratch.Pad.csproj", "{D85C5B4E-60BB-44EC-ADBB-D8F3A1B37C97}"
EndProject
Project("{9A19103F-16F7-4668-BE54-9A1E7A4F7556}") = "Ddd.Tests", "Ddd.Tests\Ddd.Tests.csproj", "{A39745C7-2691-4FC1-BB17-AAFE1571C403}"
EndProject
Project("{9A19103F-16F7-4668-BE54-9A1E7A4F7556}") = "Ddd.EntityFramework", "Ddd.EntityFramework\Ddd.EntityFramework.csproj", "{1A9E7822-B73E-4C81-AB13-6DB035BBA82B}"
EndProject
Project("{9A19103F-16F7-4668-BE54-9A1E7A4F7556}") = "Ddd.Autofac", "Ddd.Autofac\Ddd.Autofac.csproj", "{A43A10AC-B1D0-4EC1-AFB2-142E4E8BCB8E}"
EndProject
Project("{2150E333-8FDC-42A3-9474-1A3956D46DE8}") = "Sample", "Sample", "{9A6E5201-6C43-4F17-9CAA-7E52FAD6BFEA}"
EndProject
Project("{FAE04EC0-301F-11D3-BF4B-00C04F79EFBC}") = "Sample.Domain", "Sample.Domain\Sample.Domain.csproj", "{1D33D134-737E-4EC9-85D4-0A9CD25E8623}"
EndProject
Global
	GlobalSection(SolutionConfigurationPlatforms) = preSolution
		Debug|Any CPU = Debug|Any CPU
		Release|Any CPU = Release|Any CPU
	EndGlobalSection
	GlobalSection(ProjectConfigurationPlatforms) = postSolution
		{BDDE627C-BC8B-4829-8598-395D25CA4417}.Debug|Any CPU.ActiveCfg = Debug|Any CPU
		{BDDE627C-BC8B-4829-8598-395D25CA4417}.Debug|Any CPU.Build.0 = Debug|Any CPU
		{BDDE627C-BC8B-4829-8598-395D25CA4417}.Release|Any CPU.ActiveCfg = Release|Any CPU
		{BDDE627C-BC8B-4829-8598-395D25CA4417}.Release|Any CPU.Build.0 = Release|Any CPU
		{D85C5B4E-60BB-44EC-ADBB-D8F3A1B37C97}.Debug|Any CPU.ActiveCfg = Debug|Any CPU
		{D85C5B4E-60BB-44EC-ADBB-D8F3A1B37C97}.Debug|Any CPU.Build.0 = Debug|Any CPU
		{D85C5B4E-60BB-44EC-ADBB-D8F3A1B37C97}.Release|Any CPU.ActiveCfg = Release|Any CPU
		{D85C5B4E-60BB-44EC-ADBB-D8F3A1B37C97}.Release|Any CPU.Build.0 = Release|Any CPU
		{A39745C7-2691-4FC1-BB17-AAFE1571C403}.Debug|Any CPU.ActiveCfg = Debug|Any CPU
		{A39745C7-2691-4FC1-BB17-AAFE1571C403}.Debug|Any CPU.Build.0 = Debug|Any CPU
		{A39745C7-2691-4FC1-BB17-AAFE1571C403}.Release|Any CPU.ActiveCfg = Release|Any CPU
		{A39745C7-2691-4FC1-BB17-AAFE1571C403}.Release|Any CPU.Build.0 = Release|Any CPU
		{1A9E7822-B73E-4C81-AB13-6DB035BBA82B}.Debug|Any CPU.ActiveCfg = Debug|Any CPU
		{1A9E7822-B73E-4C81-AB13-6DB035BBA82B}.Debug|Any CPU.Build.0 = Debug|Any CPU
		{1A9E7822-B73E-4C81-AB13-6DB035BBA82B}.Release|Any CPU.ActiveCfg = Release|Any CPU
		{1A9E7822-B73E-4C81-AB13-6DB035BBA82B}.Release|Any CPU.Build.0 = Release|Any CPU
		{A43A10AC-B1D0-4EC1-AFB2-142E4E8BCB8E}.Debug|Any CPU.ActiveCfg = Debug|Any CPU
		{A43A10AC-B1D0-4EC1-AFB2-142E4E8BCB8E}.Debug|Any CPU.Build.0 = Debug|Any CPU
		{A43A10AC-B1D0-4EC1-AFB2-142E4E8BCB8E}.Release|Any CPU.ActiveCfg = Release|Any CPU
		{A43A10AC-B1D0-4EC1-AFB2-142E4E8BCB8E}.Release|Any CPU.Build.0 = Release|Any CPU
		{1D33D134-737E-4EC9-85D4-0A9CD25E8623}.Debug|Any CPU.ActiveCfg = Debug|Any CPU
		{1D33D134-737E-4EC9-85D4-0A9CD25E8623}.Debug|Any CPU.Build.0 = Debug|Any CPU
		{1D33D134-737E-4EC9-85D4-0A9CD25E8623}.Release|Any CPU.ActiveCfg = Release|Any CPU
		{1D33D134-737E-4EC9-85D4-0A9CD25E8623}.Release|Any CPU.Build.0 = Release|Any CPU
	EndGlobalSection
	GlobalSection(SolutionProperties) = preSolution
		HideSolutionNode = FALSE
	EndGlobalSection
	GlobalSection(NestedProjects) = preSolution
		{1D33D134-737E-4EC9-85D4-0A9CD25E8623} = {9A6E5201-6C43-4F17-9CAA-7E52FAD6BFEA}
	EndGlobalSection
	GlobalSection(ExtensibilityGlobals) = postSolution
		SolutionGuid = {B484250D-51E2-4FC1-B323-CF8934908098}
	EndGlobalSection
EndGlobal
